
Microsoft Visual Studio Solution File, Format Version 12.00
# Visual Studio Version 17
VisualStudioVersion = 17.5.002.0
MinimumVisualStudioVersion = 10.0.40219.1
Project("{9A19103F-16F7-4668-BE54-9A1E7A4F7556}") = "TendalProject", "TendalProject.csproj", "{E6E7DC78-913E-451D-BDAB-0583EF618E56}"
EndProject
Global
	GlobalSection(SolutionConfigurationPlatforms) = preSolution
		Debug|Any CPU = Debug|Any CPU
		Release|Any CPU = Release|Any CPU
	EndGlobalSection
	GlobalSection(ProjectConfigurationPlatforms) = postSolution
		{E6E7DC78-913E-451D-BDAB-0583EF618E56}.Debug|Any CPU.ActiveCfg = Debug|Any CPU
		{E6E7DC78-913E-451D-BDAB-0583EF618E56}.Debug|Any CPU.Build.0 = Debug|Any CPU
		{E6E7DC78-913E-451D-BDAB-0583EF618E56}.Release|Any CPU.ActiveCfg = Release|Any CPU
		{E6E7DC78-913E-451D-BDAB-0583EF618E56}.Release|Any CPU.Build.0 = Release|Any CPU
	EndGlobalSection
	GlobalSection(SolutionProperties) = preSolution
		HideSolutionNode = FALSE
	EndGlobalSection
	GlobalSection(ExtensibilityGlobals) = postSolution
		SolutionGuid = {8403F1F8-4829-4043-B082-F8096AFF7196}
	EndGlobalSection
EndGlobal
